hash: 9185b162ca87cfa7ccfe6645463a3de301ae85149d16d11189de17b3469428ca
updated: 2017-10-05T09:40:48.998580915Z
imports:
- name: github.com/mattn/go-runewidth
  version: 97311d9f7767e3d6f422ea06661bc2c7a19e8a5d
- name: github.com/nsf/termbox-go
  version: d51f2f6d6ccb97dd83ed04ae2f79c34234851f39
- name: github.com/zhexuany/wordGenerator
  version: 1f13e790d53460af83c0fb35c3ccd3320ee72e36
testImports: []
